
Microsoft Visual Studio Solution File, Format Version 12.00
# Visual Studio Version 16
VisualStudioVersion = 16.0.31025.194
MinimumVisualStudioVersion = 10.0.40219.1
Project("{9A19103F-16F7-4668-BE54-9A1E7A4F7556}") = "Homehook", "Homehook.csproj", "{28396D87-0972-4744-A83F-54C95DC459E2}"
EndProject
Project("{9A19103F-16F7-4668-BE54-9A1E7A4F7556}") = "GoogleCast", "..\GoogleCast\GoogleCast\GoogleCast.csproj", "{6FC86770-A6A4-4C9A-81F2-FF1DA246327D}"
EndProject
Global
	GlobalSection(SolutionConfigurationPlatforms) = preSolution
		Debug|Any CPU = Debug|Any CPU
		Release|Any CPU = Release|Any CPU
	EndGlobalSection
	GlobalSection(ProjectConfigurationPlatforms) = postSolution
		{28396D87-0972-4744-A83F-54C95DC459E2}.Debug|Any CPU.ActiveCfg = Debug|Any CPU
		{28396D87-0972-4744-A83F-54C95DC459E2}.Debug|Any CPU.Build.0 = Debug|Any CPU
		{28396D87-0972-4744-A83F-54C95DC459E2}.Release|Any CPU.ActiveCfg = Release|Any CPU
		{28396D87-0972-4744-A83F-54C95DC459E2}.Release|Any CPU.Build.0 = Release|Any CPU
		{6FC86770-A6A4-4C9A-81F2-FF1DA246327D}.Debug|Any CPU.ActiveCfg = Debug|Any CPU
		{6FC86770-A6A4-4C9A-81F2-FF1DA246327D}.Debug|Any CPU.Build.0 = Debug|Any CPU
		{6FC86770-A6A4-4C9A-81F2-FF1DA246327D}.Release|Any CPU.ActiveCfg = Release|Any CPU
		{6FC86770-A6A4-4C9A-81F2-FF1DA246327D}.Release|Any CPU.Build.0 = Release|Any CPU
	EndGlobalSection
	GlobalSection(SolutionProperties) = preSolution
		HideSolutionNode = FALSE
	EndGlobalSection
	GlobalSection(ExtensibilityGlobals) = postSolution
		SolutionGuid = {0709E0C5-905E-455F-9A39-40CC76B26FA0}
	EndGlobalSection
EndGlobal
