
Microsoft Visual Studio Solution File, Format Version 12.00
# Visual Studio Version 17
VisualStudioVersion = 17.5.33424.131
MinimumVisualStudioVersion = 10.0.40219.1
Project("{9A19103F-16F7-4668-BE54-9A1E7A4F7556}") = "HomeHook", "HomeHook\HomeHook.csproj", "{74BAC195-92BE-4525-BCA6-84FED7A09EB9}"
EndProject
Project("{9A19103F-16F7-4668-BE54-9A1E7A4F7556}") = "HomeCast", "HomeCast\HomeCast.csproj", "{0942F6AE-B767-458E-BE9D-FB67F505230D}"
EndProject
Project("{9A19103F-16F7-4668-BE54-9A1E7A4F7556}") = "HomeHook.Common", "HomeHook.Common\HomeHook.Common.csproj", "{C9263D3A-FE69-43A4-B81B-E0F35BA3EFD7}"
EndProject
Project("{E53339B2-1760-4266-BCC7-CA923CBCF16C}") = "docker-compose", "docker-compose.dcproj", "{FE6DB328-F3F0-473C-801E-9747E560C1A0}"
EndProject
Project("{9A19103F-16F7-4668-BE54-9A1E7A4F7556}") = "YoutubeDLSharp", "YoutubeDLSharp\YoutubeDLSharp\YoutubeDLSharp.csproj", "{B70315C0-4F51-4D28-89A4-0DB24682A21E}"
EndProject
Project("{FAE04EC0-301F-11D3-BF4B-00C04F79EFBC}") = "HomeDash", "HomeDash\HomeDash.csproj", "{903DB440-3569-4390-AC15-1C5BAF5FA96B}"
EndProject
Global
	GlobalSection(SolutionConfigurationPlatforms) = preSolution
		Debug|Any CPU = Debug|Any CPU
		P-Debug|Any CPU = P-Debug|Any CPU
		P-Release|Any CPU = P-Release|Any CPU
		Release|Any CPU = Release|Any CPU
	EndGlobalSection
	GlobalSection(ProjectConfigurationPlatforms) = postSolution
		{74BAC195-92BE-4525-BCA6-84FED7A09EB9}.Debug|Any CPU.ActiveCfg = Debug|Any CPU
		{74BAC195-92BE-4525-BCA6-84FED7A09EB9}.Debug|Any CPU.Build.0 = Debug|Any CPU
		{74BAC195-92BE-4525-BCA6-84FED7A09EB9}.P-Debug|Any CPU.ActiveCfg = P-Debug|Any CPU
		{74BAC195-92BE-4525-BCA6-84FED7A09EB9}.P-Debug|Any CPU.Build.0 = P-Debug|Any CPU
		{74BAC195-92BE-4525-BCA6-84FED7A09EB9}.P-Release|Any CPU.ActiveCfg = P-Release|Any CPU
		{74BAC195-92BE-4525-BCA6-84FED7A09EB9}.P-Release|Any CPU.Build.0 = P-Release|Any CPU
		{74BAC195-92BE-4525-BCA6-84FED7A09EB9}.Release|Any CPU.ActiveCfg = Release|Any CPU
		{74BAC195-92BE-4525-BCA6-84FED7A09EB9}.Release|Any CPU.Build.0 = Release|Any CPU
		{0942F6AE-B767-458E-BE9D-FB67F505230D}.Debug|Any CPU.ActiveCfg = Debug|Any CPU
		{0942F6AE-B767-458E-BE9D-FB67F505230D}.Debug|Any CPU.Build.0 = Debug|Any CPU
		{0942F6AE-B767-458E-BE9D-FB67F505230D}.P-Debug|Any CPU.ActiveCfg = P-Debug|Any CPU
		{0942F6AE-B767-458E-BE9D-FB67F505230D}.P-Debug|Any CPU.Build.0 = P-Debug|Any CPU
		{0942F6AE-B767-458E-BE9D-FB67F505230D}.P-Release|Any CPU.ActiveCfg = P-Release|Any CPU
		{0942F6AE-B767-458E-BE9D-FB67F505230D}.P-Release|Any CPU.Build.0 = P-Release|Any CPU
		{0942F6AE-B767-458E-BE9D-FB67F505230D}.Release|Any CPU.ActiveCfg = Release|Any CPU
		{0942F6AE-B767-458E-BE9D-FB67F505230D}.Release|Any CPU.Build.0 = Release|Any CPU
		{C9263D3A-FE69-43A4-B81B-E0F35BA3EFD7}.Debug|Any CPU.ActiveCfg = Debug|Any CPU
		{C9263D3A-FE69-43A4-B81B-E0F35BA3EFD7}.Debug|Any CPU.Build.0 = Debug|Any CPU
		{C9263D3A-FE69-43A4-B81B-E0F35BA3EFD7}.P-Debug|Any CPU.ActiveCfg = P-Debug|Any CPU
		{C9263D3A-FE69-43A4-B81B-E0F35BA3EFD7}.P-Debug|Any CPU.Build.0 = P-Debug|Any CPU
		{C9263D3A-FE69-43A4-B81B-E0F35BA3EFD7}.P-Release|Any CPU.ActiveCfg = P-Release|Any CPU
		{C9263D3A-FE69-43A4-B81B-E0F35BA3EFD7}.P-Release|Any CPU.Build.0 = P-Release|Any CPU
		{C9263D3A-FE69-43A4-B81B-E0F35BA3EFD7}.Release|Any CPU.ActiveCfg = Release|Any CPU
		{C9263D3A-FE69-43A4-B81B-E0F35BA3EFD7}.Release|Any CPU.Build.0 = Release|Any CPU
		{FE6DB328-F3F0-473C-801E-9747E560C1A0}.Debug|Any CPU.ActiveCfg = Debug|Any CPU
		{FE6DB328-F3F0-473C-801E-9747E560C1A0}.Debug|Any CPU.Build.0 = Debug|Any CPU
		{FE6DB328-F3F0-473C-801E-9747E560C1A0}.P-Debug|Any CPU.ActiveCfg = Debug|Any CPU
		{FE6DB328-F3F0-473C-801E-9747E560C1A0}.P-Debug|Any CPU.Build.0 = Debug|Any CPU
		{FE6DB328-F3F0-473C-801E-9747E560C1A0}.P-Release|Any CPU.ActiveCfg = Release|Any CPU
		{FE6DB328-F3F0-473C-801E-9747E560C1A0}.P-Release|Any CPU.Build.0 = Release|Any CPU
		{FE6DB328-F3F0-473C-801E-9747E560C1A0}.Release|Any CPU.ActiveCfg = Release|Any CPU
		{FE6DB328-F3F0-473C-801E-9747E560C1A0}.Release|Any CPU.Build.0 = Release|Any CPU
		{B70315C0-4F51-4D28-89A4-0DB24682A21E}.Debug|Any CPU.ActiveCfg = Debug|Any CPU
		{B70315C0-4F51-4D28-89A4-0DB24682A21E}.Debug|Any CPU.Build.0 = Debug|Any CPU
		{B70315C0-4F51-4D28-89A4-0DB24682A21E}.P-Debug|Any CPU.ActiveCfg = Debug|Any CPU
		{B70315C0-4F51-4D28-89A4-0DB24682A21E}.P-Debug|Any CPU.Build.0 = Debug|Any CPU
		{B70315C0-4F51-4D28-89A4-0DB24682A21E}.P-Release|Any CPU.ActiveCfg = Release|Any CPU
		{B70315C0-4F51-4D28-89A4-0DB24682A21E}.P-Release|Any CPU.Build.0 = Release|Any CPU
		{B70315C0-4F51-4D28-89A4-0DB24682A21E}.Release|Any CPU.ActiveCfg = Release|Any CPU
		{B70315C0-4F51-4D28-89A4-0DB24682A21E}.Release|Any CPU.Build.0 = Release|Any CPU
		{903DB440-3569-4390-AC15-1C5BAF5FA96B}.Debug|Any CPU.ActiveCfg = Debug|Any CPU
		{903DB440-3569-4390-AC15-1C5BAF5FA96B}.Debug|Any CPU.Build.0 = Debug|Any CPU
		{903DB440-3569-4390-AC15-1C5BAF5FA96B}.P-Debug|Any CPU.ActiveCfg = Debug|Any CPU
		{903DB440-3569-4390-AC15-1C5BAF5FA96B}.P-Debug|Any CPU.Build.0 = Debug|Any CPU
		{903DB440-3569-4390-AC15-1C5BAF5FA96B}.P-Release|Any CPU.ActiveCfg = Release|Any CPU
		{903DB440-3569-4390-AC15-1C5BAF5FA96B}.P-Release|Any CPU.Build.0 = Release|Any CPU
		{903DB440-3569-4390-AC15-1C5BAF5FA96B}.Release|Any CPU.ActiveCfg = Release|Any CPU
		{903DB440-3569-4390-AC15-1C5BAF5FA96B}.Release|Any CPU.Build.0 = Release|Any CPU
	EndGlobalSection
	GlobalSection(SolutionProperties) = preSolution
		HideSolutionNode = FALSE
	EndGlobalSection
	GlobalSection(ExtensibilityGlobals) = postSolution
		SolutionGuid = {0709E0C5-905E-455F-9A39-40CC76B26FA0}
	EndGlobalSection
EndGlobal
